
Microsoft Visual Studio Solution File, Format Version 12.00
# Visual Studio Version 17
VisualStudioVersion = 17.1.32104.313
MinimumVisualStudioVersion = 10.0.40219.1
Project("{2150E333-8FDC-42A3-9474-1A3956D46DE8}") = "src", "src", "{F1ED1CFC-5D66-4548-A08C-387BA076C1D7}"
EndProject
Project("{2150E333-8FDC-42A3-9474-1A3956D46DE8}") = "common", "common", "{676C0C45-38F6-4041-9DF3-C87CBCC87A14}"
	ProjectSection(SolutionItems) = preProject
		.gitignore = .gitignore
		README.md = README.md
		.editorconfig = .editorconfig
	EndProjectSection
EndProject
Project("{2150E333-8FDC-42A3-9474-1A3956D46DE8}") = "tests", "tests", "{59AFE825-8916-4C23-BE77-B0B36A8F419A}"
EndProject
Project("{2150E333-8FDC-42A3-9474-1A3956D46DE8}") = "tools", "tools", "{CF73876F-08F4-4D42-BBEE-D06E7FF72CA4}"
EndProject
Project("{9A19103F-16F7-4668-BE54-9A1E7A4F7556}") = "LPS.DatabaseLayer", "src\LPS.DatabaseLayer\LPS.DatabaseLayer.csproj", "{E963E8F6-91EC-4164-93B6-ECCCAC617714}"
EndProject
Project("{FAE04EC0-301F-11D3-BF4B-00C04F79EFBC}") = "LPS.PlanGenerators", "src\LPS.PlanGenerators\LPS.PlanGenerators.csproj", "{9F9ED0A7-71D9-4FB7-9E49-B21493E9F7E6}"
EndProject
Project("{FAE04EC0-301F-11D3-BF4B-00C04F79EFBC}") = "LPS.Utils", "src\LPS.Utils\LPS.Utils.csproj", "{BEF5E1A7-BBDE-4EB6-8168-49FA8B65D406}"
EndProject
Project("{FAE04EC0-301F-11D3-BF4B-00C04F79EFBC}") = "LPS.PlanGenerators.Tests", "tests\LPS.PlanGenerators.Tests\LPS.PlanGenerators.Tests.csproj", "{F1E6748E-BC97-4476-BC68-84DAF5D3B51F}"
EndProject
Project("{FAE04EC0-301F-11D3-BF4B-00C04F79EFBC}") = "LPS.Application", "src\LPS.Application\LPS.Application.csproj", "{C6FC6C65-1BFA-47D3-AF0F-BAD0758C42A0}"
EndProject
Project("{2150E333-8FDC-42A3-9474-1A3956D46DE8}") = "clients", "clients", "{44D933E6-E47A-459D-90F1-3B4A6282C4C5}"
EndProject
Project("{FAE04EC0-301F-11D3-BF4B-00C04F79EFBC}") = "LPS.Console", "clients\LPS.Console\LPS.Console.csproj", "{D6C49B88-26A7-4162-A7C4-354E072E0F23}"
EndProject
Project("{FAE04EC0-301F-11D3-BF4B-00C04F79EFBC}") = "LPS.Application.Tests", "tests\LPS.Application.Tests\LPS.Application.Tests.csproj", "{4E681A74-9055-4A36-A32A-F24B59DEEC9A}"
EndProject
Project("{FAE04EC0-301F-11D3-BF4B-00C04F79EFBC}") = "LPS.Client", "clients\LPS.Client\LPS.Client.csproj", "{4A070541-D032-48D5-90D5-9CA82AA2FFA2}"
EndProject
Project("{FAE04EC0-301F-11D3-BF4B-00C04F79EFBC}") = "LPS.Client.Desktop", "clients\LPS.Client.Desktop\LPS.Client.Desktop.csproj", "{0F16EFB4-0A68-4536-BBB9-98D7DD6BE57C}"
EndProject
Global
	GlobalSection(SolutionConfigurationPlatforms) = preSolution
		Debug|Any CPU = Debug|Any CPU
		Release|Any CPU = Release|Any CPU
	EndGlobalSection
	GlobalSection(ProjectConfigurationPlatforms) = postSolution
		{E963E8F6-91EC-4164-93B6-ECCCAC617714}.Debug|Any CPU.ActiveCfg = Debug|Any CPU
		{E963E8F6-91EC-4164-93B6-ECCCAC617714}.Debug|Any CPU.Build.0 = Debug|Any CPU
		{E963E8F6-91EC-4164-93B6-ECCCAC617714}.Release|Any CPU.ActiveCfg = Release|Any CPU
		{E963E8F6-91EC-4164-93B6-ECCCAC617714}.Release|Any CPU.Build.0 = Release|Any CPU
		{9F9ED0A7-71D9-4FB7-9E49-B21493E9F7E6}.Debug|Any CPU.ActiveCfg = Debug|Any CPU
		{9F9ED0A7-71D9-4FB7-9E49-B21493E9F7E6}.Debug|Any CPU.Build.0 = Debug|Any CPU
		{9F9ED0A7-71D9-4FB7-9E49-B21493E9F7E6}.Release|Any CPU.ActiveCfg = Release|Any CPU
		{9F9ED0A7-71D9-4FB7-9E49-B21493E9F7E6}.Release|Any CPU.Build.0 = Release|Any CPU
		{BEF5E1A7-BBDE-4EB6-8168-49FA8B65D406}.Debug|Any CPU.ActiveCfg = Debug|Any CPU
		{BEF5E1A7-BBDE-4EB6-8168-49FA8B65D406}.Debug|Any CPU.Build.0 = Debug|Any CPU
		{BEF5E1A7-BBDE-4EB6-8168-49FA8B65D406}.Release|Any CPU.ActiveCfg = Release|Any CPU
		{BEF5E1A7-BBDE-4EB6-8168-49FA8B65D406}.Release|Any CPU.Build.0 = Release|Any CPU
		{F1E6748E-BC97-4476-BC68-84DAF5D3B51F}.Debug|Any CPU.ActiveCfg = Debug|Any CPU
		{F1E6748E-BC97-4476-BC68-84DAF5D3B51F}.Debug|Any CPU.Build.0 = Debug|Any CPU
		{F1E6748E-BC97-4476-BC68-84DAF5D3B51F}.Release|Any CPU.ActiveCfg = Release|Any CPU
		{F1E6748E-BC97-4476-BC68-84DAF5D3B51F}.Release|Any CPU.Build.0 = Release|Any CPU
		{C6FC6C65-1BFA-47D3-AF0F-BAD0758C42A0}.Debug|Any CPU.ActiveCfg = Debug|Any CPU
		{C6FC6C65-1BFA-47D3-AF0F-BAD0758C42A0}.Debug|Any CPU.Build.0 = Debug|Any CPU
		{C6FC6C65-1BFA-47D3-AF0F-BAD0758C42A0}.Release|Any CPU.ActiveCfg = Release|Any CPU
		{C6FC6C65-1BFA-47D3-AF0F-BAD0758C42A0}.Release|Any CPU.Build.0 = Release|Any CPU
		{D6C49B88-26A7-4162-A7C4-354E072E0F23}.Debug|Any CPU.ActiveCfg = Debug|Any CPU
		{D6C49B88-26A7-4162-A7C4-354E072E0F23}.Debug|Any CPU.Build.0 = Debug|Any CPU
		{D6C49B88-26A7-4162-A7C4-354E072E0F23}.Release|Any CPU.ActiveCfg = Release|Any CPU
		{D6C49B88-26A7-4162-A7C4-354E072E0F23}.Release|Any CPU.Build.0 = Release|Any CPU
		{4E681A74-9055-4A36-A32A-F24B59DEEC9A}.Debug|Any CPU.ActiveCfg = Debug|Any CPU
		{4E681A74-9055-4A36-A32A-F24B59DEEC9A}.Debug|Any CPU.Build.0 = Debug|Any CPU
		{4E681A74-9055-4A36-A32A-F24B59DEEC9A}.Release|Any CPU.ActiveCfg = Release|Any CPU
		{4E681A74-9055-4A36-A32A-F24B59DEEC9A}.Release|Any CPU.Build.0 = Release|Any CPU
		{4A070541-D032-48D5-90D5-9CA82AA2FFA2}.Debug|Any CPU.ActiveCfg = Debug|Any CPU
		{4A070541-D032-48D5-90D5-9CA82AA2FFA2}.Debug|Any CPU.Build.0 = Debug|Any CPU
		{4A070541-D032-48D5-90D5-9CA82AA2FFA2}.Release|Any CPU.ActiveCfg = Release|Any CPU
		{4A070541-D032-48D5-90D5-9CA82AA2FFA2}.Release|Any CPU.Build.0 = Release|Any CPU
		{0F16EFB4-0A68-4536-BBB9-98D7DD6BE57C}.Debug|Any CPU.ActiveCfg = Debug|Any CPU
		{0F16EFB4-0A68-4536-BBB9-98D7DD6BE57C}.Debug|Any CPU.Build.0 = Debug|Any CPU
		{0F16EFB4-0A68-4536-BBB9-98D7DD6BE57C}.Release|Any CPU.ActiveCfg = Release|Any CPU
		{0F16EFB4-0A68-4536-BBB9-98D7DD6BE57C}.Release|Any CPU.Build.0 = Release|Any CPU
	EndGlobalSection
	GlobalSection(SolutionProperties) = preSolution
		HideSolutionNode = FALSE
	EndGlobalSection
	GlobalSection(NestedProjects) = preSolution
		{E963E8F6-91EC-4164-93B6-ECCCAC617714} = {F1ED1CFC-5D66-4548-A08C-387BA076C1D7}
		{9F9ED0A7-71D9-4FB7-9E49-B21493E9F7E6} = {F1ED1CFC-5D66-4548-A08C-387BA076C1D7}
		{BEF5E1A7-BBDE-4EB6-8168-49FA8B65D406} = {F1ED1CFC-5D66-4548-A08C-387BA076C1D7}
		{F1E6748E-BC97-4476-BC68-84DAF5D3B51F} = {59AFE825-8916-4C23-BE77-B0B36A8F419A}
		{C6FC6C65-1BFA-47D3-AF0F-BAD0758C42A0} = {F1ED1CFC-5D66-4548-A08C-387BA076C1D7}
		{D6C49B88-26A7-4162-A7C4-354E072E0F23} = {44D933E6-E47A-459D-90F1-3B4A6282C4C5}
		{4E681A74-9055-4A36-A32A-F24B59DEEC9A} = {59AFE825-8916-4C23-BE77-B0B36A8F419A}
		{4A070541-D032-48D5-90D5-9CA82AA2FFA2} = {44D933E6-E47A-459D-90F1-3B4A6282C4C5}
		{0F16EFB4-0A68-4536-BBB9-98D7DD6BE57C} = {44D933E6-E47A-459D-90F1-3B4A6282C4C5}
	EndGlobalSection
	GlobalSection(ExtensibilityGlobals) = postSolution
		SolutionGuid = {FBFC3017-6D8E-465C-8E59-A7221A285109}
	EndGlobalSection
EndGlobal
